
Microsoft Visual Studio Solution File, Format Version 12.00
# Visual Studio Version 17
VisualStudioVersion = 17.0.31903.59
MinimumVisualStudioVersion = 10.0.40219.1
Project("{2150E333-8FDC-42A3-9474-1A3956D46DE8}") = "src", "src", "{827E0CD3-B72D-47B6-A68D-7590B98EB39B}"
EndProject
Project("{FAE04EC0-301F-11D3-BF4B-00C04F79EFBC}") = "CMSAPI.Domain", "src\CMSAPI.Domain\CMSAPI.Domain.csproj", "{0AADE901-326E-4F19-B96B-7C16BDE5577E}"
EndProject
Project("{FAE04EC0-301F-11D3-BF4B-00C04F79EFBC}") = "CMSAPI.Application", "src\CMSAPI.Application\CMSAPI.Application.csproj", "{688AB2AD-A5E7-469E-9F17-BEA6EAEA1791}"
EndProject
Project("{FAE04EC0-301F-11D3-BF4B-00C04F79EFBC}") = "CMSAPI.Infrastructure", "src\CMSAPI.Infrastructure\CMSAPI.Infrastructure.csproj", "{CDC803E6-C645-43C0-BEA0-D06FDFE9A20E}"
EndProject
Project("{FAE04EC0-301F-11D3-BF4B-00C04F79EFBC}") = "CMSAPI.API", "src\CMSAPI.API\CMSAPI.API.csproj", "{4B118196-203E-4617-9985-C92C55FD8503}"
EndProject
Global
	GlobalSection(SolutionConfigurationPlatforms) = preSolution
		Debug|Any CPU = Debug|Any CPU
		Debug|x64 = Debug|x64
		Debug|x86 = Debug|x86
		Release|Any CPU = Release|Any CPU
		Release|x64 = Release|x64
		Release|x86 = Release|x86
	EndGlobalSection
	GlobalSection(ProjectConfigurationPlatforms) = postSolution
		{0AADE901-326E-4F19-B96B-7C16BDE5577E}.Debug|Any CPU.ActiveCfg = Debug|Any CPU
		{0AADE901-326E-4F19-B96B-7C16BDE5577E}.Debug|Any CPU.Build.0 = Debug|Any CPU
		{0AADE901-326E-4F19-B96B-7C16BDE5577E}.Debug|x64.ActiveCfg = Debug|Any CPU
		{0AADE901-326E-4F19-B96B-7C16BDE5577E}.Debug|x64.Build.0 = Debug|Any CPU
		{0AADE901-326E-4F19-B96B-7C16BDE5577E}.Debug|x86.ActiveCfg = Debug|Any CPU
		{0AADE901-326E-4F19-B96B-7C16BDE5577E}.Debug|x86.Build.0 = Debug|Any CPU
		{0AADE901-326E-4F19-B96B-7C16BDE5577E}.Release|Any CPU.ActiveCfg = Release|Any CPU
		{0AADE901-326E-4F19-B96B-7C16BDE5577E}.Release|Any CPU.Build.0 = Release|Any CPU
		{0AADE901-326E-4F19-B96B-7C16BDE5577E}.Release|x64.ActiveCfg = Release|Any CPU
		{0AADE901-326E-4F19-B96B-7C16BDE5577E}.Release|x64.Build.0 = Release|Any CPU
		{0AADE901-326E-4F19-B96B-7C16BDE5577E}.Release|x86.ActiveCfg = Release|Any CPU
		{0AADE901-326E-4F19-B96B-7C16BDE5577E}.Release|x86.Build.0 = Release|Any CPU
		{688AB2AD-A5E7-469E-9F17-BEA6EAEA1791}.Debug|Any CPU.ActiveCfg = Debug|Any CPU
		{688AB2AD-A5E7-469E-9F17-BEA6EAEA1791}.Debug|Any CPU.Build.0 = Debug|Any CPU
		{688AB2AD-A5E7-469E-9F17-BEA6EAEA1791}.Debug|x64.ActiveCfg = Debug|Any CPU
		{688AB2AD-A5E7-469E-9F17-BEA6EAEA1791}.Debug|x64.Build.0 = Debug|Any CPU
		{688AB2AD-A5E7-469E-9F17-BEA6EAEA1791}.Debug|x86.ActiveCfg = Debug|Any CPU
		{688AB2AD-A5E7-469E-9F17-BEA6EAEA1791}.Debug|x86.Build.0 = Debug|Any CPU
		{688AB2AD-A5E7-469E-9F17-BEA6EAEA1791}.Release|Any CPU.ActiveCfg = Release|Any CPU
		{688AB2AD-A5E7-469E-9F17-BEA6EAEA1791}.Release|Any CPU.Build.0 = Release|Any CPU
		{688AB2AD-A5E7-469E-9F17-BEA6EAEA1791}.Release|x64.ActiveCfg = Release|Any CPU
		{688AB2AD-A5E7-469E-9F17-BEA6EAEA1791}.Release|x64.Build.0 = Release|Any CPU
		{688AB2AD-A5E7-469E-9F17-BEA6EAEA1791}.Release|x86.ActiveCfg = Release|Any CPU
		{688AB2AD-A5E7-469E-9F17-BEA6EAEA1791}.Release|x86.Build.0 = Release|Any CPU
		{CDC803E6-C645-43C0-BEA0-D06FDFE9A20E}.Debug|Any CPU.ActiveCfg = Debug|Any CPU
		{CDC803E6-C645-43C0-BEA0-D06FDFE9A20E}.Debug|Any CPU.Build.0 = Debug|Any CPU
		{CDC803E6-C645-43C0-BEA0-D06FDFE9A20E}.Debug|x64.ActiveCfg = Debug|Any CPU
		{CDC803E6-C645-43C0-BEA0-D06FDFE9A20E}.Debug|x64.Build.0 = Debug|Any CPU
		{CDC803E6-C645-43C0-BEA0-D06FDFE9A20E}.Debug|x86.ActiveCfg = Debug|Any CPU
		{CDC803E6-C645-43C0-BEA0-D06FDFE9A20E}.Debug|x86.Build.0 = Debug|Any CPU
		{CDC803E6-C645-43C0-BEA0-D06FDFE9A20E}.Release|Any CPU.ActiveCfg = Release|Any CPU
		{CDC803E6-C645-43C0-BEA0-D06FDFE9A20E}.Release|Any CPU.Build.0 = Release|Any CPU
		{CDC803E6-C645-43C0-BEA0-D06FDFE9A20E}.Release|x64.ActiveCfg = Release|Any CPU
		{CDC803E6-C645-43C0-BEA0-D06FDFE9A20E}.Release|x64.Build.0 = Release|Any CPU
		{CDC803E6-C645-43C0-BEA0-D06FDFE9A20E}.Release|x86.ActiveCfg = Release|Any CPU
		{CDC803E6-C645-43C0-BEA0-D06FDFE9A20E}.Release|x86.Build.0 = Release|Any CPU
		{4B118196-203E-4617-9985-C92C55FD8503}.Debug|Any CPU.ActiveCfg = Debug|Any CPU
		{4B118196-203E-4617-9985-C92C55FD8503}.Debug|Any CPU.Build.0 = Debug|Any CPU
		{4B118196-203E-4617-9985-C92C55FD8503}.Debug|x64.ActiveCfg = Debug|Any CPU
		{4B118196-203E-4617-9985-C92C55FD8503}.Debug|x64.Build.0 = Debug|Any CPU
		{4B118196-203E-4617-9985-C92C55FD8503}.Debug|x86.ActiveCfg = Debug|Any CPU
		{4B118196-203E-4617-9985-C92C55FD8503}.Debug|x86.Build.0 = Debug|Any CPU
		{4B118196-203E-4617-9985-C92C55FD8503}.Release|Any CPU.ActiveCfg = Release|Any CPU
		{4B118196-203E-4617-9985-C92C55FD8503}.Release|Any CPU.Build.0 = Release|Any CPU
		{4B118196-203E-4617-9985-C92C55FD8503}.Release|x64.ActiveCfg = Release|Any CPU
		{4B118196-203E-4617-9985-C92C55FD8503}.Release|x64.Build.0 = Release|Any CPU
		{4B118196-203E-4617-9985-C92C55FD8503}.Release|x86.ActiveCfg = Release|Any CPU
		{4B118196-203E-4617-9985-C92C55FD8503}.Release|x86.Build.0 = Release|Any CPU
	EndGlobalSection
	GlobalSection(SolutionProperties) = preSolution
		HideSolutionNode = FALSE
	EndGlobalSection
	GlobalSection(NestedProjects) = preSolution
		{0AADE901-326E-4F19-B96B-7C16BDE5577E} = {827E0CD3-B72D-47B6-A68D-7590B98EB39B}
		{688AB2AD-A5E7-469E-9F17-BEA6EAEA1791} = {827E0CD3-B72D-47B6-A68D-7590B98EB39B}
		{CDC803E6-C645-43C0-BEA0-D06FDFE9A20E} = {827E0CD3-B72D-47B6-A68D-7590B98EB39B}
		{4B118196-203E-4617-9985-C92C55FD8503} = {827E0CD3-B72D-47B6-A68D-7590B98EB39B}
	EndGlobalSection
EndGlobal
